
Microsoft Visual Studio Solution File, Format Version 12.00
# Visual Studio Version 17
VisualStudioVersion = 17.6.33815.320
MinimumVisualStudioVersion = 10.0.40219.1
Project("{FAE04EC0-301F-11D3-BF4B-00C04F79EFBC}") = "Safemark", "Safemark.csproj", "{64CC7FD1-4BCB-4E56-A133-D77D26A9ED8E}"
EndProject
Global
	GlobalSection(SolutionConfigurationPlatforms) = preSolution
		Debug|Any CPU = Debug|Any CPU
		Release|Any CPU = Release|Any CPU
	EndGlobalSection
	GlobalSection(ProjectConfigurationPlatforms) = postSolution
		{64CC7FD1-4BCB-4E56-A133-D77D26A9ED8E}.Debug|Any CPU.ActiveCfg = Debug|Any CPU
		{64CC7FD1-4BCB-4E56-A133-D77D26A9ED8E}.Debug|Any CPU.Build.0 = Debug|Any CPU
		{64CC7FD1-4BCB-4E56-A133-D77D26A9ED8E}.Release|Any CPU.ActiveCfg = Release|Any CPU
		{64CC7FD1-4BCB-4E56-A133-D77D26A9ED8E}.Release|Any CPU.Build.0 = Release|Any CPU
	EndGlobalSection
	GlobalSection(SolutionProperties) = preSolution
		HideSolutionNode = FALSE
	EndGlobalSection
	GlobalSection(ExtensibilityGlobals) = postSolution
		SolutionGuid = {526BFEC3-FA09-4B63-9589-F447A6C27064}
	EndGlobalSection
EndGlobal
